PODS:
  - boost-for-react-native (1.63.0)
  - DoubleConversion (1.1.6)
  - Firebase/Core (5.3.0):
    - Firebase/CoreOnly
    - FirebaseAnalytics (= 5.0.1)
  - Firebase/CoreOnly (5.3.0):
    - FirebaseCore (= 5.0.4)
  - Firebase/Messaging (5.3.0):
    - Firebase/CoreOnly
    - FirebaseMessaging (= 3.0.2)
  - FirebaseAnalytics (5.0.1):
    - FirebaseCore (~> 5.0)
    - FirebaseInstanceID (~> 3.0)
    - "GoogleToolboxForMac/NSData+zlib (~> 2.1)"
    - nanopb (~> 0.3)
  - FirebaseCore (5.0.4):
    - "GoogleToolboxForMac/NSData+zlib (~> 2.1)"
  - FirebaseInstanceID (3.1.1):
    - FirebaseCore (~> 5.0)
  - FirebaseMessaging (3.0.2):
    - FirebaseCore (~> 5.0)
    - FirebaseInstanceID (~> 3.0)
    - GoogleToolboxForMac/Logger (~> 2.1)
    - Protobuf (~> 3.1)
  - Folly (2016.10.31.00):
    - boost-for-react-native
    - DoubleConversion
    - glog
  - glog (0.3.5)
  - GoogleMobileVision/Detector (1.5.0):
    - GoogleToolboxForMac/Logger (~> 2.1)
    - "GoogleToolboxForMac/NSData+zlib (~> 2.1)"
    - GTMSessionFetcher/Core (~> 1.1)
    - Protobuf (~> 3.1)
  - GoogleMobileVision/FaceDetector (1.5.0):
    - GoogleMobileVision/Detector (~> 1.5)
  - GoogleMobileVision/MVDataOutput (1.5.0):
    - GoogleMobileVision/Detector (~> 1.5)
  - GoogleToolboxForMac/Defines (2.2.0)
  - GoogleToolboxForMac/Logger (2.2.0):
    - GoogleToolboxForMac/Defines (= 2.2.0)
  - "GoogleToolboxForMac/NSData+zlib (2.2.0)":
    - GoogleToolboxForMac/Defines (= 2.2.0)
  - GTMSessionFetcher/Core (1.2.1)
  - nanopb (0.3.901):
    - nanopb/decode (= 0.3.901)
    - nanopb/encode (= 0.3.901)
  - nanopb/decode (0.3.901)
  - nanopb/encode (0.3.901)
  - OTASDK (3.11.5)
  - Protobuf (3.6.1)
  - React (0.57.1):
    - React/Core (= 0.57.1)
  - react-native-camera/FaceDetector (1.6.4):
    - GoogleMobileVision/Detector (~> 1.4)
    - GoogleMobileVision/FaceDetector (~> 1.4)
    - GoogleMobileVision/MVDataOutput (~> 1.4)
    - React
    - react-native-camera/RCT
    - react-native-camera/RN
  - react-native-camera/RCT (1.6.4):
    - React
  - react-native-camera/RN (1.6.4):
    - React
  - react-native-sensitive-info (5.2.4):
    - React
  - React/Core (0.57.1):
    - yoga (= 0.57.1.React)
  - React/CxxBridge (0.57.1):
    - Folly (= 2016.10.31.00)
    - React/Core
    - React/cxxreact
  - React/cxxreact (0.57.1):
    - boost-for-react-native (= 1.63.0)
    - Folly (= 2016.10.31.00)
    - React/jschelpers
    - React/jsinspector
  - React/DevSupport (0.57.1):
    - React/Core
    - React/RCTWebSocket
  - React/fishhook (0.57.1)
  - React/jschelpers (0.57.1):
    - Folly (= 2016.10.31.00)
    - React/PrivateDatabase
  - React/jsinspector (0.57.1)
  - React/PrivateDatabase (0.57.1)
  - React/RCTAnimation (0.57.1):
    - React/Core
  - React/RCTBlob (0.57.1):
    - React/Core
  - React/RCTNetwork (0.57.1):
    - React/Core
  - React/RCTText (0.57.1):
    - React/Core
  - React/RCTWebSocket (0.57.1):
    - React/Core
    - React/fishhook
    - React/RCTBlob
  - ReactNativePermissions (1.1.1):
    - React
  - RNGestureHandler (1.0.16):
    - React
  - Stripe (13.2.0)
  - yoga (0.57.1.React)

DEPENDENCIES:
  - DoubleConversion (from `../node_modules/react-native/third-party-podspecs/DoubleConversion.podspec`)
  - Firebase/Core (~> 5.3.0)
  - Firebase/Messaging (~> 5.3.0)
  - Folly (from `../node_modules/react-native/third-party-podspecs/Folly.podspec`)
  - glog (from `../node_modules/react-native/third-party-podspecs/glog.podspec`)
  - OTASDK (~> 3.11.5)
  - react-native-camera/FaceDetector (from `../node_modules/react-native-camera`)
  - react-native-sensitive-info (from `../node_modules/react-native-sensitive-info`)
  - React/Core (from `../node_modules/react-native`)
  - React/CxxBridge (from `../node_modules/react-native`)
  - React/DevSupport (from `../node_modules/react-native`)
  - React/RCTAnimation (from `../node_modules/react-native`)
  - React/RCTNetwork (from `../node_modules/react-native`)
  - React/RCTText (from `../node_modules/react-native`)
  - React/RCTWebSocket (from `../node_modules/react-native`)
  - ReactNativePermissions (from `../node_modules/react-native-permissions`)
  - RNGestureHandler (from `../node_modules/react-native-gesture-handler`)
  - Stripe (~> 13.2.0)
  - yoga (from `../node_modules/react-native/ReactCommon/yoga`)

SPEC REPOS:
  https://github.com/cocoapods/specs.git:
    - boost-for-react-native
    - Firebase
    - FirebaseAnalytics
    - FirebaseCore
    - FirebaseInstanceID
    - FirebaseMessaging
    - GoogleMobileVision
    - GoogleToolboxForMac
    - GTMSessionFetcher
    - nanopb
    - Protobuf
    - Stripe
  https://otakeys.jfrog.io/otakeys/api/pods/ios-keycore:
    - OTASDK

EXTERNAL SOURCES:
  DoubleConversion:
    :podspec: "../node_modules/react-native/third-party-podspecs/DoubleConversion.podspec"
  Folly:
    :podspec: "../node_modules/react-native/third-party-podspecs/Folly.podspec"
  glog:
    :podspec: "../node_modules/react-native/third-party-podspecs/glog.podspec"
  React:
    :path: "../node_modules/react-native"
  react-native-camera:
    :path: "../node_modules/react-native-camera"
  react-native-sensitive-info:
    :path: "../node_modules/react-native-sensitive-info"
  ReactNativePermissions:
    :path: "../node_modules/react-native-permissions"
  RNGestureHandler:
    :path: "../node_modules/react-native-gesture-handler"
  yoga:
    :path: "../node_modules/react-native/ReactCommon/yoga"

SPEC CHECKSUMS:
  boost-for-react-native: 39c7adb57c4e60d6c5479dd8623128eb5b3f0f2c
  DoubleConversion: bb338842f62ab1d708ceb63ec3d999f0f3d98ecd
  Firebase: 68afeeb05461db02d7c9e3215cda28068670f4aa
  FirebaseAnalytics: b3628aea54c50464c32c393fb2ea032566e7ecc2
  FirebaseCore: 62f1b792a49bb9e8b4073f24606d2c93ffc352f0
  FirebaseInstanceID: f3f0657372592ecdfdfe2cac604a5a75758376a6
  FirebaseMessaging: 6894b8fe0a0cf26c3b13dad729f1131654ae0bdb
  Folly: c89ac2d5c6ab169cd7397ef27485c44f35f742c7
  glog: e8acf0ebbf99759d3ff18c86c292a5898282dcde
  GoogleMobileVision: a1f93108b3527d67339e2de80e1db76645f9e8b9
  GoogleToolboxForMac: ff31605b7d66400dcec09bed5861689aebadda4d
  GTMSessionFetcher: 32aeca0aa144acea523e1c8e053089dec2cb98ca
  nanopb: 2901f78ea1b7b4015c860c2fdd1ea2fee1a18d48
  OTASDK: c876e7492cc6c25a7b7ac067943420b8998c4a18
  Protobuf: 1eb9700044745f00181c136ef21b8ff3ad5a0fd5
  React: 1fe0eb13d90b625d94c3b117c274dcfd2e760e11
  react-native-camera: eac1e8cc7523273a2a11956d0e5dac08296cf4b0
  react-native-sensitive-info: f78f6471a8ee7de67e11ffccc7060eb93b969ef5
  ReactNativePermissions: 9f2d9c45c98800795e6c2ed330e25d11a66a8169
  RNGestureHandler: afde2addc517e85cc97a25bfe119acbee779a7ce
  Stripe: 2c69e216061d54d9c538204bb4f58bd597ddfc5b
  yoga: b1ce48b6cf950b98deae82838f5173ea7cf89e85

PODFILE CHECKSUM: 0ce81c28b181a8fc3929de81426b5186f7c6292e

COCOAPODS: 1.5.3
